Microsoft Visual Studio Solution File, Format Version 10.00
# Visual Studio 2008
Project("{8BC9CEB8-8B4A-11D0-8D11-00A0C91BC942}") = "AudioCap", "AudioCap.vcproj", "{381737A6-5A6C-48E1-A0A9-47B95228E146}"
EndProject
Global
	GlobalSection(SolutionConfigurationPlatforms) = preSolution
		Debug Unicode|Win32 = Debug Unicode|Win32
		Debug|Win32 = Debug|Win32
		Release Unicode|Win32 = Release Unicode|Win32
		Release|Win32 = Release|Win32
	EndGlobalSection
	GlobalSection(ProjectConfigurationPlatforms) = postSolution
		{381737A6-5A6C-48E1-A0A9-47B95228E146}.Debug Unicode|Win32.ActiveCfg = Debug Unicode|Win32
		{381737A6-5A6C-48E1-A0A9-47B95228E146}.Debug Unicode|Win32.Build.0 = Debug Unicode|Win32
		{381737A6-5A6C-48E1-A0A9-47B95228E146}.Debug|Win32.ActiveCfg = Debug|Win32
		{381737A6-5A6C-48E1-A0A9-47B95228E146}.Debug|Win32.Build.0 = Debug|Win32
		{381737A6-5A6C-48E1-A0A9-47B95228E146}.Release Unicode|Win32.ActiveCfg = Release Unicode|Win32
		{381737A6-5A6C-48E1-A0A9-47B95228E146}.Release Unicode|Win32.Build.0 = Release Unicode|Win32
		{381737A6-5A6C-48E1-A0A9-47B95228E146}.Release|Win32.ActiveCfg = Release|Win32
		{381737A6-5A6C-48E1-A0A9-47B95228E146}.Release|Win32.Build.0 = Release|Win32
	EndGlobalSection
	GlobalSection(SolutionProperties) = preSolution
		HideSolutionNode = FALSE
	EndGlobalSection
EndGlobal
